
Microsoft Visual Studio Solution File, Format Version 12.00
# Visual Studio Version 16
VisualStudioVersion = 16.0.30225.117
MinimumVisualStudioVersion = 10.0.40219.1
Project("{9A19103F-16F7-4668-BE54-9A1E7A4F7556}") = "WebApp.Library", "WebApp.Library\WebApp.Library.csproj", "{BF3AB699-C20A-4601-97C4-F296ED2F3206}"
EndProject
Project("{9A19103F-16F7-4668-BE54-9A1E7A4F7556}") = "WebApp.Data", "WebApp.Data\WebApp.Data.csproj", "{36E091B6-7882-4FFE-B218-EFF126946518}"
EndProject
Project("{9A19103F-16F7-4668-BE54-9A1E7A4F7556}") = "WebApp.App", "WebApp.App\WebApp.App.csproj", "{3129D678-AC44-43D9-A191-B734BF0DFD96}"
EndProject
Project("{FAE04EC0-301F-11D3-BF4B-00C04F79EFBC}") = "WebApp.Test", "WebApp.Test\WebApp.Test.csproj", "{A4F4D443-84D0-4D99-8C95-4DB8A9D94138}"
EndProject
Global
	GlobalSection(SolutionConfigurationPlatforms) = preSolution
		Debug|Any CPU = Debug|Any CPU
		Release|Any CPU = Release|Any CPU
	EndGlobalSection
	GlobalSection(ProjectConfigurationPlatforms) = postSolution
		{BF3AB699-C20A-4601-97C4-F296ED2F3206}.Debug|Any CPU.ActiveCfg = Debug|Any CPU
		{BF3AB699-C20A-4601-97C4-F296ED2F3206}.Debug|Any CPU.Build.0 = Debug|Any CPU
		{BF3AB699-C20A-4601-97C4-F296ED2F3206}.Release|Any CPU.ActiveCfg = Release|Any CPU
		{BF3AB699-C20A-4601-97C4-F296ED2F3206}.Release|Any CPU.Build.0 = Release|Any CPU
		{36E091B6-7882-4FFE-B218-EFF126946518}.Debug|Any CPU.ActiveCfg = Debug|Any CPU
		{36E091B6-7882-4FFE-B218-EFF126946518}.Debug|Any CPU.Build.0 = Debug|Any CPU
		{36E091B6-7882-4FFE-B218-EFF126946518}.Release|Any CPU.ActiveCfg = Release|Any CPU
		{36E091B6-7882-4FFE-B218-EFF126946518}.Release|Any CPU.Build.0 = Release|Any CPU
		{3129D678-AC44-43D9-A191-B734BF0DFD96}.Debug|Any CPU.ActiveCfg = Debug|Any CPU
		{3129D678-AC44-43D9-A191-B734BF0DFD96}.Debug|Any CPU.Build.0 = Debug|Any CPU
		{3129D678-AC44-43D9-A191-B734BF0DFD96}.Release|Any CPU.ActiveCfg = Release|Any CPU
		{3129D678-AC44-43D9-A191-B734BF0DFD96}.Release|Any CPU.Build.0 = Release|Any CPU
		{A4F4D443-84D0-4D99-8C95-4DB8A9D94138}.Debug|Any CPU.ActiveCfg = Debug|Any CPU
		{A4F4D443-84D0-4D99-8C95-4DB8A9D94138}.Debug|Any CPU.Build.0 = Debug|Any CPU
		{A4F4D443-84D0-4D99-8C95-4DB8A9D94138}.Release|Any CPU.ActiveCfg = Release|Any CPU
		{A4F4D443-84D0-4D99-8C95-4DB8A9D94138}.Release|Any CPU.Build.0 = Release|Any CPU
	EndGlobalSection
	GlobalSection(SolutionProperties) = preSolution
		HideSolutionNode = FALSE
	EndGlobalSection
	GlobalSection(ExtensibilityGlobals) = postSolution
		SolutionGuid = {3FC06603-636D-4616-A319-518F93FBC468}
	EndGlobalSection
EndGlobal
